github.com/CaiJimmy/hugo-theme-stack/v3 v3.30.0 h1:uITC7EKGyfPjyi3C5At++E0Uu1qQXtqiwMV4pd7LkLs=
github.com/CaiJimmy/hugo-theme-stack/v3 v3.30.0/go.mod h1:IPmCXiIxlFSLFYS0tOmYP6ySLviyeNVSabyvSuaxD+I=
github.com/hugomods/icons v0.6.6 h1:gGlafcBDRP7sSID+tgLcWdog+s/QBj8DIfU+h9tZj1U=
github.com/hugomods/icons v0.6.6/go.mod h1:cIkSvK6W0q6N4U6n9KGz+QfRWQXAW0INd+1P31gPNGg=
github.com/hugomods/icons/vendors/bootstrap v0.5.9 h1:IlKsW1iybTNZLYnMipyc2d9w51rUtu89lPMkocGaP6c=
github.com/hugomods/icons/vendors/bootstrap v0.5.9/go.mod h1:DuB5N1o3GCUyvYFnEeBvJRBrCHqbMWEbjoEWVLULggw=
github.com/hugomods/icons/vendors/tabler v0.15.51 h1:CPXrAQ1iSCaNQFnix0+M/+nm+prd1t/fro9TIhsAPl8=
github.com/hugomods/icons/vendors/tabler v0.15.51/go.mod h1:7vAEU8SO+a0UllhXOCMXaSP5Xg8uCRf9MAMUxK8NML8=
